# This file is autogenerated, do not edit; changes may be undone by the next 'dep ensure'.


[[projects]]
  branch = "master"
  digest = "1:6d7c4f0cb2473c9f06c1566b3563424f6dbb92a9710ddba615e6eb8ba2e1a181"
  name = "github.com/sayanarijit/gopassgen"
  packages = ["."]
  pruneopts = "UT"
  revision = "cf555de90ad6031f567a55be7d7c90f2fbe8389a"

[solve-meta]
  analyzer-name = "dep"
  analyzer-version = 1
  input-imports = ["github.com/sayanarijit/gopassgen"]
  solver-name = "gps-cdcl"
  solver-version = 1
