# This file is autogenerated, do not edit; changes may be undone by the next 'dep ensure'.


[[projects]]
  branch = "master"
  digest = "1:5acc25da05e5e7590b98ccf4680508ce86789d3c712bada66284132ae1801700"
  name = "github.com/sayanarijit/gopassgen"
  packages = ["."]
  pruneopts = "UT"
  revision = "1067e4dd472a3d41a2360b8a443657ea3dd88305"

[solve-meta]
  analyzer-name = "dep"
  analyzer-version = 1
  input-imports = ["github.com/sayanarijit/gopassgen"]
  solver-name = "gps-cdcl"
  solver-version = 1
